Microsoft Visual Studio Solution File, Format Version 12.00
# Visual Studio Version 17
VisualStudioVersion = 17.5.2.0
MinimumVisualStudioVersion = 10.0.40219.1
Project("{FAE04EC0-301F-11D3-BF4B-00C04F79EFBC}") = "j21calculator", "j21calculator.csproj", "{7CABD416-AB47-FB56-59D8-0142094C1F2A}"
EndProject
Global
	GlobalSection(SolutionConfigurationPlatforms) = preSolution
		Debug|Any CPU = Debug|Any CPU
		Release|Any CPU = Release|Any CPU
	EndGlobalSection
	GlobalSection(ProjectConfigurationPlatforms) = postSolution
		{7CABD416-AB47-FB56-59D8-0142094C1F2A}.Debug|Any CPU.ActiveCfg = Debug|Any CPU
		{7CABD416-AB47-FB56-59D8-0142094C1F2A}.Debug|Any CPU.Build.0 = Debug|Any CPU
		{7CABD416-AB47-FB56-59D8-0142094C1F2A}.Release|Any CPU.ActiveCfg = Release|Any CPU
		{7CABD416-AB47-FB56-59D8-0142094C1F2A}.Release|Any CPU.Build.0 = Release|Any CPU
	EndGlobalSection
	GlobalSection(SolutionProperties) = preSolution
		HideSolutionNode = FALSE
	EndGlobalSection
	GlobalSection(ExtensibilityGlobals) = postSolution
		SolutionGuid = {9A73C150-066F-4D7B-B871-F89BFCB16E8E}
	EndGlobalSection
EndGlobal
